
Microsoft Visual Studio Solution File, Format Version 12.00
# Visual Studio Version 16
VisualStudioVersion = 16.0.29424.173
MinimumVisualStudioVersion = 10.0.40219.1
Project("{FAE04EC0-301F-11D3-BF4B-00C04F79EFBC}") = "Projekt", "Projekt\Projekt.csproj", "{4A1619A5-E597-43AB-910B-F38EB7D0C88E}"
EndProject
Global
	GlobalSection(SolutionConfigurationPlatforms) = preSolution
		Debug|Any CPU = Debug|Any CPU
		Release|Any CPU = Release|Any CPU
	EndGlobalSection
	GlobalSection(ProjectConfigurationPlatforms) = postSolution
		{4A1619A5-E597-43AB-910B-F38EB7D0C88E}.Debug|Any CPU.ActiveCfg = Debug|Any CPU
		{4A1619A5-E597-43AB-910B-F38EB7D0C88E}.Debug|Any CPU.Build.0 = Debug|Any CPU
		{4A1619A5-E597-43AB-910B-F38EB7D0C88E}.Release|Any CPU.ActiveCfg = Release|Any CPU
		{4A1619A5-E597-43AB-910B-F38EB7D0C88E}.Release|Any CPU.Build.0 = Release|Any CPU
	EndGlobalSection
	GlobalSection(SolutionProperties) = preSolution
		HideSolutionNode = FALSE
	EndGlobalSection
	GlobalSection(ExtensibilityGlobals) = postSolution
		SolutionGuid = {722F3FFA-E978-417D-B82F-5A2DAA1D12D3}
	EndGlobalSection
EndGlobal
